
Microsoft Visual Studio Solution File, Format Version 12.00
# Visual Studio 2012
Project("{FAE04EC0-301F-11D3-BF4B-00C04F79EFBC}") = "Access0407", "Access0407\Access0407.csproj", "{D8F0B709-EC30-475E-906C-C57945F01F58}"
EndProject
Global
	GlobalSection(SolutionConfigurationPlatforms) = preSolution
		Debug|Any CPU = Debug|Any CPU
		Release|Any CPU = Release|Any CPU
	EndGlobalSection
	GlobalSection(ProjectConfigurationPlatforms) = postSolution
		{D8F0B709-EC30-475E-906C-C57945F01F58}.Debug|Any CPU.ActiveCfg = Debug|Any CPU
		{D8F0B709-EC30-475E-906C-C57945F01F58}.Debug|Any CPU.Build.0 = Debug|Any CPU
		{D8F0B709-EC30-475E-906C-C57945F01F58}.Release|Any CPU.ActiveCfg = Release|Any CPU
		{D8F0B709-EC30-475E-906C-C57945F01F58}.Release|Any CPU.Build.0 = Release|Any CPU
	EndGlobalSection
	GlobalSection(SolutionProperties) = preSolution
		HideSolutionNode = FALSE
	EndGlobalSection
EndGlobal
